{
  "name": "verify-backup-failure-notify-slack",
  "version": "1.0.0",
  "lockfileVersion": 1,
  "requires": true,
  "dependencies": {
    "@sentry/core": {
      "version": "5.27.1",
      "resolved": "https://registry.npmjs.org/@sentry/core/-/core-5.27.1.tgz",
      "integrity": "sha512-n5CxzMbOAT6HZK4U4cOUAAikkRnnHhMNhInrjfZh7BoiuX1k63Hru2H5xk5WDuEaTTr5RaBA/fqPl7wxHySlwQ==",
      "requires": {
        "@sentry/hub": "5.27.1",
        "@sentry/minimal": "5.27.1",
        "@sentry/types": "5.27.1",
        "@sentry/utils": "5.27.1",
        "tslib": "^1.9.3"
      }
    },
    "@sentry/hub": {
      "version": "5.27.1",
      "resolved": "https://registry.npmjs.org/@sentry/hub/-/hub-5.27.1.tgz",
      "integrity": "sha512-RBHo3T92s6s4Ian1pZcPlmNtFqB+HAP6xitU+ZNA48bYUK+R1vvqEcI8Xs83FyNaRGCgclp9erDFQYyAuxY4vw==",
      "requires": {
        "@sentry/types": "5.27.1",
        "@sentry/utils": "5.27.1",
        "tslib": "^1.9.3"
      }
    },
    "@sentry/minimal": {
      "version": "5.27.1",
      "resolved": "https://registry.npmjs.org/@sentry/minimal/-/minimal-5.27.1.tgz",
      "integrity": "sha512-MHXCeJdA1NAvaJuippcM8nrWScul8iTN0Q5nnFkGctGIGmmiZHTXAYkObqJk7H3AK+CP7r1jqN2aQj5Nd9CtyA==",
      "requires": {
        "@sentry/hub": "5.27.1",
        "@sentry/types": "5.27.1",
        "tslib": "^1.9.3"
      }
    },
    "@sentry/node": {
      "version": "5.27.1",
      "resolved": "https://registry.npmjs.org/@sentry/node/-/node-5.27.1.tgz",
      "integrity": "sha512-OJCpUK6bbWlDCqiTZVP4ybQQDSly2EafbvvO7hoQ5ktr87WkRCgLpTNI7Doa5ANGuLNnVUvRNIsIH1DJqLZLNg==",
      "requires": {
        "@sentry/core": "5.27.1",
        "@sentry/hub": "5.27.1",
        "@sentry/tracing": "5.27.1",
        "@sentry/types": "5.27.1",
        "@sentry/utils": "5.27.1",
        "cookie": "^0.4.1",
        "https-proxy-agent": "^5.0.0",
        "lru_map": "^0.3.3",
        "tslib": "^1.9.3"
      }
    },
    "@sentry/tracing": {
      "version": "5.27.1",
      "resolved": "https://registry.npmjs.org/@sentry/tracing/-/tracing-5.27.1.tgz",
      "integrity": "sha512-GBmdR8Ky/nv4KOa6+DEnOSBkFOFhM+asR8Y/gw2qSUWCwzKuWHh9BEnDwxtSI8CMvgUwOIZ5wiiqJGc1unYfCw==",
      "requires": {
        "@sentry/hub": "5.27.1",
        "@sentry/minimal": "5.27.1",
        "@sentry/types": "5.27.1",
        "@sentry/utils": "5.27.1",
        "tslib": "^1.9.3"
      }
    },
    "@sentry/types": {
      "version": "5.27.1",
      "resolved": "https://registry.npmjs.org/@sentry/types/-/types-5.27.1.tgz",
      "integrity": "sha512-g1aX0V0fz5BTo0mjgSVY9XmPLGZ6p+8OEzq3ubKzDUf59VHl+Vt8viZ8VXw/vsNtfAjBHn7BzSuzJo7cXJJBtA=="
    },
    "@sentry/utils": {
      "version": "5.27.1",
      "resolved": "https://registry.npmjs.org/@sentry/utils/-/utils-5.27.1.tgz",
      "integrity": "sha512-VIzK8utuvFO9EogZcKJPgmLnlJtYbaPQ0jCw7od9HRw1ckrSBc84sA0uuuY6pB6KSM+7k6EjJ5IdIBaCz5ep/A==",
      "requires": {
        "@sentry/types": "5.27.1",
        "tslib": "^1.9.3"
      }
    },
    "@slack/types": {
      "version": "1.10.0",
      "resolved": "https://registry.npmjs.org/@slack/types/-/types-1.10.0.tgz",
      "integrity": "sha512-tA7GG7Tj479vojfV3AoxbckalA48aK6giGjNtgH6ihpLwTyHE3fIgRrvt8TWfLwW8X8dyu7vgmAsGLRG7hWWOg=="
    },
    "@slack/webhook": {
      "version": "5.0.3",
      "resolved": "https://registry.npmjs.org/@slack/webhook/-/webhook-5.0.3.tgz",
      "integrity": "sha512-51vnejJ2zABNumPVukOLyerpHQT39/Lt0TYFtOEz/N2X77bPofOgfPj2atB3etaM07mxWHLT9IRJ4Zuqx38DkQ==",
      "requires": {
        "@slack/types": "^1.2.1",
        "@types/node": ">=8.9.0",
        "axios": "^0.19.0"
      }
    },
    "@types/node": {
      "version": "14.14.3",
      "resolved": "https://registry.npmjs.org/@types/node/-/node-14.14.3.tgz",
      "integrity": "sha512-33/L34xS7HVUx23e0wOT2V1qPF1IrHgQccdJVm9uXGTB9vFBrrzBtkQymT8VskeKOxjz55MSqMv0xuLq+u98WQ=="
    },
    "agent-base": {
      "version": "6.0.2",
      "resolved": "https://registry.npmjs.org/agent-base/-/agent-base-6.0.2.tgz",
      "integrity": "sha512-RZNwNclF7+MS/8bDg70amg32dyeZGZxiDuQmZxKLAlQjr3jGyLx+4Kkk58UO7D2QdgFIQCovuSuZESne6RG6XQ==",
      "requires": {
        "debug": "4"
      },
      "dependencies": {
        "debug": {
          "version": "4.2.0",
          "resolved": "https://registry.npmjs.org/debug/-/debug-4.2.0.tgz",
          "integrity": "sha512-IX2ncY78vDTjZMFUdmsvIRFY2Cf4FnD0wRs+nQwJU8Lu99/tPFdb0VybiiMTPe3I6rQmwsqQqRBvxU+bZ/I8sg==",
          "requires": {
            "ms": "2.1.2"
          }
        },
        "ms": {
          "version": "2.1.2",
          "resolved": "https://registry.npmjs.org/ms/-/ms-2.1.2.tgz",
          "integrity": "sha512-sGkPx+VjMtmA6MX27oA4FBFELFCZZ4S4XqeGOXCv68tT+jb3vk/RyaKWP0PTKyWtmLSM0b+adUTEvbs1PEaH2w=="
        }
      }
    },
    "axios": {
      "version": "0.19.2",
      "resolved": "https://registry.npmjs.org/axios/-/axios-0.19.2.tgz",
      "integrity": "sha512-fjgm5MvRHLhx+osE2xoekY70AhARk3a6hkN+3Io1jc00jtquGvxYlKlsFUhmUET0V5te6CcZI7lcv2Ym61mjHA==",
      "requires": {
        "follow-redirects": "1.5.10"
      }
    },
    "camelcase": {
      "version": "5.3.1",
      "resolved": "https://registry.npmjs.org/camelcase/-/camelcase-5.3.1.tgz",
      "integrity": "sha512-L28STB170nwWS63UjtlEOE3dldQApaJXZkOI1uMFfzf3rRuPegHaHesyee+YxQ+W6SvRDQV6UrdOdRiR153wJg=="
    },
    "convict": {
      "version": "6.0.0",
      "resolved": "https://registry.npmjs.org/convict/-/convict-6.0.0.tgz",
      "integrity": "sha512-osfPkv5yjVoZqrTWBXuh/ABGpFoaJplbt0WXr0CodR4CSWt8UnzY4PSUyRz/+5BX5YUtWcToG29Kr0B6xhdIMg==",
      "requires": {
        "lodash.clonedeep": "^4.5.0",
        "yargs-parser": "^18.1.3"
      }
    },
    "cookie": {
      "version": "0.4.1",
      "resolved": "https://registry.npmjs.org/cookie/-/cookie-0.4.1.tgz",
      "integrity": "sha512-ZwrFkGJxUR3EIoXtO+yVE69Eb7KlixbaeAWfBQB9vVsNn/o+Yw69gBWSSDK825hQNdN+wF8zELf3dFNl/kxkUA=="
    },
    "debug": {
      "version": "3.1.0",
      "resolved": "https://registry.npmjs.org/debug/-/debug-3.1.0.tgz",
      "integrity": "sha512-OX8XqP7/1a9cqkxYw2yXss15f26NKWBpDXQd0/uK/KPqdQhxbPa994hnzjcE2VqQpDslf55723cKPUOGSmMY3g==",
      "requires": {
        "ms": "2.0.0"
      }
    },
    "decamelize": {
      "version": "1.2.0",
      "resolved": "https://registry.npmjs.org/decamelize/-/decamelize-1.2.0.tgz",
      "integrity": "sha1-9lNNFRSCabIDUue+4m9QH5oZEpA="
    },
    "dotenv": {
      "version": "8.2.0",
      "resolved": "https://registry.npmjs.org/dotenv/-/dotenv-8.2.0.tgz",
      "integrity": "sha512-8sJ78ElpbDJBHNeBzUbUVLsqKdccaa/BXF1uPTw3GrvQTBgrQrtObr2mUrE38vzYd8cEv+m/JBfDLioYcfXoaw=="
    },
    "follow-redirects": {
      "version": "1.5.10",
      "resolved": "https://registry.npmjs.org/follow-redirects/-/follow-redirects-1.5.10.tgz",
      "integrity": "sha512-0V5l4Cizzvqt5D44aTXbFZz+FtyXV1vrDN6qrelxtfYQKW0KO0W2T/hkE8xvGa/540LkZlkaUjO4ailYTFtHVQ==",
      "requires": {
        "debug": "=3.1.0"
      }
    },
    "https-proxy-agent": {
      "version": "5.0.0",
      "resolved": "https://registry.npmjs.org/https-proxy-agent/-/https-proxy-agent-5.0.0.tgz",
      "integrity": "sha512-EkYm5BcKUGiduxzSt3Eppko+PiNWNEpa4ySk9vTC6wDsQJW9rHSa+UhGNJoRYp7bz6Ht1eaRIa6QaJqO5rCFbA==",
      "requires": {
        "agent-base": "6",
        "debug": "4"
      },
      "dependencies": {
        "debug": {
          "version": "4.2.0",
          "resolved": "https://registry.npmjs.org/debug/-/debug-4.2.0.tgz",
          "integrity": "sha512-IX2ncY78vDTjZMFUdmsvIRFY2Cf4FnD0wRs+nQwJU8Lu99/tPFdb0VybiiMTPe3I6rQmwsqQqRBvxU+bZ/I8sg==",
          "requires": {
            "ms": "2.1.2"
          }
        },
        "ms": {
          "version": "2.1.2",
          "resolved": "https://registry.npmjs.org/ms/-/ms-2.1.2.tgz",
          "integrity": "sha512-sGkPx+VjMtmA6MX27oA4FBFELFCZZ4S4XqeGOXCv68tT+jb3vk/RyaKWP0PTKyWtmLSM0b+adUTEvbs1PEaH2w=="
        }
      }
    },
    "lodash.clonedeep": {
      "version": "4.5.0",
      "resolved": "https://registry.npmjs.org/lodash.clonedeep/-/lodash.clonedeep-4.5.0.tgz",
      "integrity": "sha1-4j8/nE+Pvd6HJSnBBxhXoIblzO8="
    },
    "lru_map": {
      "version": "0.3.3",
      "resolved": "https://registry.npmjs.org/lru_map/-/lru_map-0.3.3.tgz",
      "integrity": "sha1-tcg1G5Rky9dQM1p5ZQoOwOVhGN0="
    },
    "ms": {
      "version": "2.0.0",
      "resolved": "https://registry.npmjs.org/ms/-/ms-2.0.0.tgz",
      "integrity": "sha1-VgiurfwAvmwpAd9fmGF4jeDVl8g="
    },
    "tslib": {
      "version": "1.14.1",
      "resolved": "https://registry.npmjs.org/tslib/-/tslib-1.14.1.tgz",
      "integrity": "sha512-Xni35NKzjgMrwevysHTCArtLDpPvye8zV/0E4EyYn43P7/7qvQwPh9BGkHewbMulVntbigmcT7rdX3BNo9wRJg=="
    },
    "yargs-parser": {
      "version": "18.1.3",
      "resolved": "https://registry.npmjs.org/yargs-parser/-/yargs-parser-18.1.3.tgz",
      "integrity": "sha512-o50j0JeToy/4K6OZcaQmW6lyXXKhq7csREXcDwk2omFPJEwUNOVtJKvmDr9EI1fAJZUyZcRF7kxGBWmRXudrCQ==",
      "requires": {
        "camelcase": "^5.0.0",
        "decamelize": "^1.2.0"
      }
    }
  }
}
