{
  "name": "eb-env-update",
  "version": "1.0.0",
  "lockfileVersion": 2,
  "requires": true,
  "packages": {
    "": {
      "name": "eb-env-update",
      "version": "1.0.0",
      "license": "ISC",
      "dependencies": {
        "@sentry/node": "5.30.0",
        "convict": "6.2.3",
        "dotenv": "8.2.0",
        "lodash": "4.17.21"
      },
      "devDependencies": {
        "@types/convict": "5.2.1",
        "aws-sdk": "2.1140.0",
        "typescript": "3.9.7"
      }
    },
    "node_modules/@sentry/core": {
      "version": "5.30.0",
      "resolved": "https://registry.npmjs.org/@sentry/core/-/core-5.30.0.tgz",
      "integrity": "sha512-TmfrII8w1PQZSZgPpUESqjB+jC6MvZJZdLtE/0hZ+SrnKhW3x5WlYLvTXZpcWePYBku7rl2wn1RZu6uT0qCTeg==",
      "dependencies": {
        "@sentry/hub": "5.30.0",
        "@sentry/minimal": "5.30.0",
        "@sentry/types": "5.30.0",
        "@sentry/utils": "5.30.0",
        "tslib": "^1.9.3"
      },
      "engines": {
        "node": ">=6"
      }
    },
    "node_modules/@sentry/hub": {
      "version": "5.30.0",
      "resolved": "https://registry.npmjs.org/@sentry/hub/-/hub-5.30.0.tgz",
      "integrity": "sha512-2tYrGnzb1gKz2EkMDQcfLrDTvmGcQPuWxLnJKXJvYTQDGLlEvi2tWz1VIHjunmOvJrB5aIQLhm+dcMRwFZDCqQ==",
      "dependencies": {
        "@sentry/types": "5.30.0",
        "@sentry/utils": "5.30.0",
        "tslib": "^1.9.3"
      },
      "engines": {
        "node": ">=6"
      }
    },
    "node_modules/@sentry/minimal": {
      "version": "5.30.0",
      "resolved": "https://registry.npmjs.org/@sentry/minimal/-/minimal-5.30.0.tgz",
      "integrity": "sha512-BwWb/owZKtkDX+Sc4zCSTNcvZUq7YcH3uAVlmh/gtR9rmUvbzAA3ewLuB3myi4wWRAMEtny6+J/FN/x+2wn9Xw==",
      "dependencies": {
        "@sentry/hub": "5.30.0",
        "@sentry/types": "5.30.0",
        "tslib": "^1.9.3"
      },
      "engines": {
        "node": ">=6"
      }
    },
    "node_modules/@sentry/node": {
      "version": "5.30.0",
      "resolved": "https://registry.npmjs.org/@sentry/node/-/node-5.30.0.tgz",
      "integrity": "sha512-Br5oyVBF0fZo6ZS9bxbJZG4ApAjRqAnqFFurMVJJdunNb80brh7a5Qva2kjhm+U6r9NJAB5OmDyPkA1Qnt+QVg==",
      "dependencies": {
        "@sentry/core": "5.30.0",
        "@sentry/hub": "5.30.0",
        "@sentry/tracing": "5.30.0",
        "@sentry/types": "5.30.0",
        "@sentry/utils": "5.30.0",
        "cookie": "^0.4.1",
        "https-proxy-agent": "^5.0.0",
        "lru_map": "^0.3.3",
        "tslib": "^1.9.3"
      },
      "engines": {
        "node": ">=6"
      }
    },
    "node_modules/@sentry/tracing": {
      "version": "5.30.0",
      "resolved": "https://registry.npmjs.org/@sentry/tracing/-/tracing-5.30.0.tgz",
      "integrity": "sha512-dUFowCr0AIMwiLD7Fs314Mdzcug+gBVo/+NCMyDw8tFxJkwWAKl7Qa2OZxLQ0ZHjakcj1hNKfCQJ9rhyfOl4Aw==",
      "dependencies": {
        "@sentry/hub": "5.30.0",
        "@sentry/minimal": "5.30.0",
        "@sentry/types": "5.30.0",
        "@sentry/utils": "5.30.0",
        "tslib": "^1.9.3"
      },
      "engines": {
        "node": ">=6"
      }
    },
    "node_modules/@sentry/types": {
      "version": "5.30.0",
      "resolved": "https://registry.npmjs.org/@sentry/types/-/types-5.30.0.tgz",
      "integrity": "sha512-R8xOqlSTZ+htqrfteCWU5Nk0CDN5ApUTvrlvBuiH1DyP6czDZ4ktbZB0hAgBlVcK0U+qpD3ag3Tqqpa5Q67rPw==",
      "engines": {
        "node": ">=6"
      }
    },
    "node_modules/@sentry/utils": {
      "version": "5.30.0",
      "resolved": "https://registry.npmjs.org/@sentry/utils/-/utils-5.30.0.tgz",
      "integrity": "sha512-zaYmoH0NWWtvnJjC9/CBseXMtKHm/tm40sz3YfJRxeQjyzRqNQPgivpd9R/oDJCYj999mzdW382p/qi2ypjLww==",
      "dependencies": {
        "@sentry/types": "5.30.0",
        "tslib": "^1.9.3"
      },
      "engines": {
        "node": ">=6"
      }
    },
    "node_modules/@types/convict": {
      "version": "5.2.1",
      "resolved": "https://registry.npmjs.org/@types/convict/-/convict-5.2.1.tgz",
      "integrity": "sha512-SbtKO7CzkSaBZ/yMo9+qDPG2q59BN2ONry2Qra+boPXoXfjW4gVX/ohcmRsKpZZGGNszkLCl2Wi8coIDp/qPQg==",
      "dev": true,
      "dependencies": {
        "@types/node": "*"
      }
    },
    "node_modules/@types/node": {
      "version": "14.11.10",
      "resolved": "https://registry.npmjs.org/@types/node/-/node-14.11.10.tgz",
      "integrity": "sha512-yV1nWZPlMFpoXyoknm4S56y2nlTAuFYaJuQtYRAOU7xA/FJ9RY0Xm7QOkaYMMmr8ESdHIuUb6oQgR/0+2NqlyA==",
      "dev": true
    },
    "node_modules/agent-base": {
      "version": "6.0.2",
      "resolved": "https://registry.npmjs.org/agent-base/-/agent-base-6.0.2.tgz",
      "integrity": "sha512-RZNwNclF7+MS/8bDg70amg32dyeZGZxiDuQmZxKLAlQjr3jGyLx+4Kkk58UO7D2QdgFIQCovuSuZESne6RG6XQ==",
      "dependencies": {
        "debug": "4"
      },
      "engines": {
        "node": ">= 6.0.0"
      }
    },
    "node_modules/aws-sdk": {
      "version": "2.1140.0",
      "resolved": "https://registry.npmjs.org/aws-sdk/-/aws-sdk-2.1140.0.tgz",
      "integrity": "sha512-cNdq56UQrUzXmCgwo0/J5GGLmfHn+Vp38qgcK/Xd86Sch8P9v2o8tNv7J82mYU98YY2vO007BMxRylA4Sd8PkQ==",
      "dev": true,
      "dependencies": {
        "buffer": "4.9.2",
        "events": "1.1.1",
        "ieee754": "1.1.13",
        "jmespath": "0.16.0",
        "querystring": "0.2.0",
        "sax": "1.2.1",
        "url": "0.10.3",
        "uuid": "3.3.2",
        "xml2js": "0.4.19"
      },
      "engines": {
        "node": ">= 10.0.0"
      }
    },
    "node_modules/base64-js": {
      "version": "1.5.1",
      "resolved": "https://registry.npmjs.org/base64-js/-/base64-js-1.5.1.tgz",
      "integrity": "sha512-AKpaYlHn8t4SVbOHCy+b5+KKgvR4vrsD8vbvrbiQJps7fKDTkjkDry6ji0rUJjC0kzbNePLwzxq8iypo41qeWA==",
      "dev": true,
      "funding": [
        {
          "type": "github",
          "url": "https://github.com/sponsors/feross"
        },
        {
          "type": "patreon",
          "url": "https://www.patreon.com/feross"
        },
        {
          "type": "consulting",
          "url": "https://feross.org/support"
        }
      ]
    },
    "node_modules/buffer": {
      "version": "4.9.2",
      "resolved": "https://registry.npmjs.org/buffer/-/buffer-4.9.2.tgz",
      "integrity": "sha512-xq+q3SRMOxGivLhBNaUdC64hDTQwejJ+H0T/NB1XMtTVEwNTrfFF3gAxiyW0Bu/xWEGhjVKgUcMhCrUy2+uCWg==",
      "dev": true,
      "dependencies": {
        "base64-js": "^1.0.2",
        "ieee754": "^1.1.4",
        "isarray": "^1.0.0"
      }
    },
    "node_modules/convict": {
      "version": "6.2.3",
      "resolved": "https://registry.npmjs.org/convict/-/convict-6.2.3.tgz",
      "integrity": "sha512-mTY04Qr7WrqiXifdeUYXr4/+Te4hPFWDvz6J2FVIKCLc2XBhq63VOSSYAKJ+unhZAYOAjmEdNswTOeHt7s++pQ==",
      "dependencies": {
        "lodash.clonedeep": "^4.5.0",
        "yargs-parser": "^20.2.7"
      },
      "engines": {
        "node": ">=6"
      }
    },
    "node_modules/cookie": {
      "version": "0.4.1",
      "resolved": "https://registry.npmjs.org/cookie/-/cookie-0.4.1.tgz",
      "integrity": "sha512-ZwrFkGJxUR3EIoXtO+yVE69Eb7KlixbaeAWfBQB9vVsNn/o+Yw69gBWSSDK825hQNdN+wF8zELf3dFNl/kxkUA==",
      "engines": {
        "node": ">= 0.6"
      }
    },
    "node_modules/debug": {
      "version": "4.2.0",
      "resolved": "https://registry.npmjs.org/debug/-/debug-4.2.0.tgz",
      "integrity": "sha512-IX2ncY78vDTjZMFUdmsvIRFY2Cf4FnD0wRs+nQwJU8Lu99/tPFdb0VybiiMTPe3I6rQmwsqQqRBvxU+bZ/I8sg==",
      "deprecated": "Debug versions >=3.2.0 <3.2.7 || >=4 <4.3.1 have a low-severity ReDos regression when used in a Node.js environment. It is recommended you upgrade to 3.2.7 or 4.3.1. (https://github.com/visionmedia/debug/issues/797)",
      "dependencies": {
        "ms": "2.1.2"
      },
      "engines": {
        "node": ">=6.0"
      },
      "peerDependenciesMeta": {
        "supports-color": {
          "optional": true
        }
      }
    },
    "node_modules/dotenv": {
      "version": "8.2.0",
      "resolved": "https://registry.npmjs.org/dotenv/-/dotenv-8.2.0.tgz",
      "integrity": "sha512-8sJ78ElpbDJBHNeBzUbUVLsqKdccaa/BXF1uPTw3GrvQTBgrQrtObr2mUrE38vzYd8cEv+m/JBfDLioYcfXoaw==",
      "engines": {
        "node": ">=8"
      }
    },
    "node_modules/events": {
      "version": "1.1.1",
      "resolved": "https://registry.npmjs.org/events/-/events-1.1.1.tgz",
      "integrity": "sha1-nr23Y1rQmccNzEwqH1AEKI6L2SQ=",
      "dev": true,
      "engines": {
        "node": ">=0.4.x"
      }
    },
    "node_modules/https-proxy-agent": {
      "version": "5.0.0",
      "resolved": "https://registry.npmjs.org/https-proxy-agent/-/https-proxy-agent-5.0.0.tgz",
      "integrity": "sha512-EkYm5BcKUGiduxzSt3Eppko+PiNWNEpa4ySk9vTC6wDsQJW9rHSa+UhGNJoRYp7bz6Ht1eaRIa6QaJqO5rCFbA==",
      "dependencies": {
        "agent-base": "6",
        "debug": "4"
      },
      "engines": {
        "node": ">= 6"
      }
    },
    "node_modules/ieee754": {
      "version": "1.1.13",
      "resolved": "https://registry.npmjs.org/ieee754/-/ieee754-1.1.13.tgz",
      "integrity": "sha512-4vf7I2LYV/HaWerSo3XmlMkp5eZ83i+/CDluXi/IGTs/O1sejBNhTtnxzmRZfvOUqj7lZjqHkeTvpgSFDlWZTg==",
      "dev": true
    },
    "node_modules/isarray": {
      "version": "1.0.0",
      "resolved": "https://registry.npmjs.org/isarray/-/isarray-1.0.0.tgz",
      "integrity": "sha1-u5NdSFgsuhaMBoNJV6VKPgcSTxE=",
      "dev": true
    },
    "node_modules/jmespath": {
      "version": "0.16.0",
      "resolved": "https://registry.npmjs.org/jmespath/-/jmespath-0.16.0.tgz",
      "integrity": "sha512-9FzQjJ7MATs1tSpnco1K6ayiYE3figslrXA72G2HQ/n76RzvYlofyi5QM+iX4YRs/pu3yzxlVQSST23+dMDknw==",
      "dev": true,
      "engines": {
        "node": ">= 0.6.0"
      }
    },
    "node_modules/lodash": {
      "version": "4.17.21",
      "resolved": "https://registry.npmjs.org/lodash/-/lodash-4.17.21.tgz",
      "integrity": "sha512-v2kDEe57lecTulaDIuNTPy3Ry4gLGJ6Z1O3vE1krgXZNrsQ+LFTGHVxVjcXPs17LhbZVGedAJv8XZ1tvj5FvSg=="
    },
    "node_modules/lodash.clonedeep": {
      "version": "4.5.0",
      "resolved": "https://registry.npmjs.org/lodash.clonedeep/-/lodash.clonedeep-4.5.0.tgz",
      "integrity": "sha1-4j8/nE+Pvd6HJSnBBxhXoIblzO8="
    },
    "node_modules/lru_map": {
      "version": "0.3.3",
      "resolved": "https://registry.npmjs.org/lru_map/-/lru_map-0.3.3.tgz",
      "integrity": "sha1-tcg1G5Rky9dQM1p5ZQoOwOVhGN0="
    },
    "node_modules/ms": {
      "version": "2.1.2",
      "resolved": "https://registry.npmjs.org/ms/-/ms-2.1.2.tgz",
      "integrity": "sha512-sGkPx+VjMtmA6MX27oA4FBFELFCZZ4S4XqeGOXCv68tT+jb3vk/RyaKWP0PTKyWtmLSM0b+adUTEvbs1PEaH2w=="
    },
    "node_modules/punycode": {
      "version": "1.3.2",
      "resolved": "https://registry.npmjs.org/punycode/-/punycode-1.3.2.tgz",
      "integrity": "sha1-llOgNvt8HuQjQvIyXM7v6jkmxI0=",
      "dev": true
    },
    "node_modules/querystring": {
      "version": "0.2.0",
      "resolved": "https://registry.npmjs.org/querystring/-/querystring-0.2.0.tgz",
      "integrity": "sha1-sgmEkgO7Jd+CDadW50cAWHhSFiA=",
      "deprecated": "The querystring API is considered Legacy. new code should use the URLSearchParams API instead.",
      "dev": true,
      "engines": {
        "node": ">=0.4.x"
      }
    },
    "node_modules/sax": {
      "version": "1.2.1",
      "resolved": "https://registry.npmjs.org/sax/-/sax-1.2.1.tgz",
      "integrity": "sha1-e45lYZCyKOgaZq6nSEgNgozS03o=",
      "dev": true
    },
    "node_modules/tslib": {
      "version": "1.14.1",
      "resolved": "https://registry.npmjs.org/tslib/-/tslib-1.14.1.tgz",
      "integrity": "sha512-Xni35NKzjgMrwevysHTCArtLDpPvye8zV/0E4EyYn43P7/7qvQwPh9BGkHewbMulVntbigmcT7rdX3BNo9wRJg=="
    },
    "node_modules/typescript": {
      "version": "3.9.7",
      "resolved": "https://registry.npmjs.org/typescript/-/typescript-3.9.7.tgz",
      "integrity": "sha512-BLbiRkiBzAwsjut4x/dsibSTB6yWpwT5qWmC2OfuCg3GgVQCSgMs4vEctYPhsaGtd0AeuuHMkjZ2h2WG8MSzRw==",
      "dev": true,
      "bin": {
        "tsc": "bin/tsc",
        "tsserver": "bin/tsserver"
      },
      "engines": {
        "node": ">=4.2.0"
      }
    },
    "node_modules/url": {
      "version": "0.10.3",
      "resolved": "https://registry.npmjs.org/url/-/url-0.10.3.tgz",
      "integrity": "sha1-Ah5NnHcF8hu/N9A861h2dAJ3TGQ=",
      "dev": true,
      "dependencies": {
        "punycode": "1.3.2",
        "querystring": "0.2.0"
      }
    },
    "node_modules/uuid": {
      "version": "3.3.2",
      "resolved": "https://registry.npmjs.org/uuid/-/uuid-3.3.2.tgz",
      "integrity": "sha512-yXJmeNaw3DnnKAOKJE51sL/ZaYfWJRl1pK9dr19YFCu0ObS231AB1/LbqTKRAQ5kw8A90rA6fr4riOUpTZvQZA==",
      "deprecated": "Please upgrade  to version 7 or higher.  Older versions may use Math.random() in certain circumstances, which is known to be problematic.  See https://v8.dev/blog/math-random for details.",
      "dev": true,
      "bin": {
        "uuid": "bin/uuid"
      }
    },
    "node_modules/xml2js": {
      "version": "0.4.19",
      "resolved": "https://registry.npmjs.org/xml2js/-/xml2js-0.4.19.tgz",
      "integrity": "sha512-esZnJZJOiJR9wWKMyuvSE1y6Dq5LCuJanqhxslH2bxM6duahNZ+HMpCLhBQGZkbX6xRf8x1Y2eJlgt2q3qo49Q==",
      "dev": true,
      "dependencies": {
        "sax": ">=0.6.0",
        "xmlbuilder": "~9.0.1"
      }
    },
    "node_modules/xmlbuilder": {
      "version": "9.0.7",
      "resolved": "https://registry.npmjs.org/xmlbuilder/-/xmlbuilder-9.0.7.tgz",
      "integrity": "sha1-Ey7mPS7FVlxVfiD0wi35rKaGsQ0=",
      "dev": true,
      "engines": {
        "node": ">=4.0"
      }
    },
    "node_modules/yargs-parser": {
      "version": "20.2.9",
      "resolved": "https://registry.npmjs.org/yargs-parser/-/yargs-parser-20.2.9.tgz",
      "integrity": "sha512-y11nGElTIV+CT3Zv9t7VKl+Q3hTQoT9a1Qzezhhl6Rp21gJ/IVTW7Z3y9EWXhuUBC2Shnf+DX0antecpAwSP8w==",
      "engines": {
        "node": ">=10"
      }
    }
  },
  "dependencies": {
    "@sentry/core": {
      "version": "5.30.0",
      "resolved": "https://registry.npmjs.org/@sentry/core/-/core-5.30.0.tgz",
      "integrity": "sha512-TmfrII8w1PQZSZgPpUESqjB+jC6MvZJZdLtE/0hZ+SrnKhW3x5WlYLvTXZpcWePYBku7rl2wn1RZu6uT0qCTeg==",
      "requires": {
        "@sentry/hub": "5.30.0",
        "@sentry/minimal": "5.30.0",
        "@sentry/types": "5.30.0",
        "@sentry/utils": "5.30.0",
        "tslib": "^1.9.3"
      }
    },
    "@sentry/hub": {
      "version": "5.30.0",
      "resolved": "https://registry.npmjs.org/@sentry/hub/-/hub-5.30.0.tgz",
      "integrity": "sha512-2tYrGnzb1gKz2EkMDQcfLrDTvmGcQPuWxLnJKXJvYTQDGLlEvi2tWz1VIHjunmOvJrB5aIQLhm+dcMRwFZDCqQ==",
      "requires": {
        "@sentry/types": "5.30.0",
        "@sentry/utils": "5.30.0",
        "tslib": "^1.9.3"
      }
    },
    "@sentry/minimal": {
      "version": "5.30.0",
      "resolved": "https://registry.npmjs.org/@sentry/minimal/-/minimal-5.30.0.tgz",
      "integrity": "sha512-BwWb/owZKtkDX+Sc4zCSTNcvZUq7YcH3uAVlmh/gtR9rmUvbzAA3ewLuB3myi4wWRAMEtny6+J/FN/x+2wn9Xw==",
      "requires": {
        "@sentry/hub": "5.30.0",
        "@sentry/types": "5.30.0",
        "tslib": "^1.9.3"
      }
    },
    "@sentry/node": {
      "version": "5.30.0",
      "resolved": "https://registry.npmjs.org/@sentry/node/-/node-5.30.0.tgz",
      "integrity": "sha512-Br5oyVBF0fZo6ZS9bxbJZG4ApAjRqAnqFFurMVJJdunNb80brh7a5Qva2kjhm+U6r9NJAB5OmDyPkA1Qnt+QVg==",
      "requires": {
        "@sentry/core": "5.30.0",
        "@sentry/hub": "5.30.0",
        "@sentry/tracing": "5.30.0",
        "@sentry/types": "5.30.0",
        "@sentry/utils": "5.30.0",
        "cookie": "^0.4.1",
        "https-proxy-agent": "^5.0.0",
        "lru_map": "^0.3.3",
        "tslib": "^1.9.3"
      }
    },
    "@sentry/tracing": {
      "version": "5.30.0",
      "resolved": "https://registry.npmjs.org/@sentry/tracing/-/tracing-5.30.0.tgz",
      "integrity": "sha512-dUFowCr0AIMwiLD7Fs314Mdzcug+gBVo/+NCMyDw8tFxJkwWAKl7Qa2OZxLQ0ZHjakcj1hNKfCQJ9rhyfOl4Aw==",
      "requires": {
        "@sentry/hub": "5.30.0",
        "@sentry/minimal": "5.30.0",
        "@sentry/types": "5.30.0",
        "@sentry/utils": "5.30.0",
        "tslib": "^1.9.3"
      }
    },
    "@sentry/types": {
      "version": "5.30.0",
      "resolved": "https://registry.npmjs.org/@sentry/types/-/types-5.30.0.tgz",
      "integrity": "sha512-R8xOqlSTZ+htqrfteCWU5Nk0CDN5ApUTvrlvBuiH1DyP6czDZ4ktbZB0hAgBlVcK0U+qpD3ag3Tqqpa5Q67rPw=="
    },
    "@sentry/utils": {
      "version": "5.30.0",
      "resolved": "https://registry.npmjs.org/@sentry/utils/-/utils-5.30.0.tgz",
      "integrity": "sha512-zaYmoH0NWWtvnJjC9/CBseXMtKHm/tm40sz3YfJRxeQjyzRqNQPgivpd9R/oDJCYj999mzdW382p/qi2ypjLww==",
      "requires": {
        "@sentry/types": "5.30.0",
        "tslib": "^1.9.3"
      }
    },
    "@types/convict": {
      "version": "5.2.1",
      "resolved": "https://registry.npmjs.org/@types/convict/-/convict-5.2.1.tgz",
      "integrity": "sha512-SbtKO7CzkSaBZ/yMo9+qDPG2q59BN2ONry2Qra+boPXoXfjW4gVX/ohcmRsKpZZGGNszkLCl2Wi8coIDp/qPQg==",
      "dev": true,
      "requires": {
        "@types/node": "*"
      }
    },
    "@types/node": {
      "version": "14.11.10",
      "resolved": "https://registry.npmjs.org/@types/node/-/node-14.11.10.tgz",
      "integrity": "sha512-yV1nWZPlMFpoXyoknm4S56y2nlTAuFYaJuQtYRAOU7xA/FJ9RY0Xm7QOkaYMMmr8ESdHIuUb6oQgR/0+2NqlyA==",
      "dev": true
    },
    "agent-base": {
      "version": "6.0.2",
      "resolved": "https://registry.npmjs.org/agent-base/-/agent-base-6.0.2.tgz",
      "integrity": "sha512-RZNwNclF7+MS/8bDg70amg32dyeZGZxiDuQmZxKLAlQjr3jGyLx+4Kkk58UO7D2QdgFIQCovuSuZESne6RG6XQ==",
      "requires": {
        "debug": "4"
      }
    },
    "aws-sdk": {
      "version": "2.1140.0",
      "resolved": "https://registry.npmjs.org/aws-sdk/-/aws-sdk-2.1140.0.tgz",
      "integrity": "sha512-cNdq56UQrUzXmCgwo0/J5GGLmfHn+Vp38qgcK/Xd86Sch8P9v2o8tNv7J82mYU98YY2vO007BMxRylA4Sd8PkQ==",
      "dev": true,
      "requires": {
        "buffer": "4.9.2",
        "events": "1.1.1",
        "ieee754": "1.1.13",
        "jmespath": "0.16.0",
        "querystring": "0.2.0",
        "sax": "1.2.1",
        "url": "0.10.3",
        "uuid": "3.3.2",
        "xml2js": "0.4.19"
      }
    },
    "base64-js": {
      "version": "1.5.1",
      "resolved": "https://registry.npmjs.org/base64-js/-/base64-js-1.5.1.tgz",
      "integrity": "sha512-AKpaYlHn8t4SVbOHCy+b5+KKgvR4vrsD8vbvrbiQJps7fKDTkjkDry6ji0rUJjC0kzbNePLwzxq8iypo41qeWA==",
      "dev": true
    },
    "buffer": {
      "version": "4.9.2",
      "resolved": "https://registry.npmjs.org/buffer/-/buffer-4.9.2.tgz",
      "integrity": "sha512-xq+q3SRMOxGivLhBNaUdC64hDTQwejJ+H0T/NB1XMtTVEwNTrfFF3gAxiyW0Bu/xWEGhjVKgUcMhCrUy2+uCWg==",
      "dev": true,
      "requires": {
        "base64-js": "^1.0.2",
        "ieee754": "^1.1.4",
        "isarray": "^1.0.0"
      }
    },
    "convict": {
      "version": "6.2.3",
      "resolved": "https://registry.npmjs.org/convict/-/convict-6.2.3.tgz",
      "integrity": "sha512-mTY04Qr7WrqiXifdeUYXr4/+Te4hPFWDvz6J2FVIKCLc2XBhq63VOSSYAKJ+unhZAYOAjmEdNswTOeHt7s++pQ==",
      "requires": {
        "lodash.clonedeep": "^4.5.0",
        "yargs-parser": "^20.2.7"
      }
    },
    "cookie": {
      "version": "0.4.1",
      "resolved": "https://registry.npmjs.org/cookie/-/cookie-0.4.1.tgz",
      "integrity": "sha512-ZwrFkGJxUR3EIoXtO+yVE69Eb7KlixbaeAWfBQB9vVsNn/o+Yw69gBWSSDK825hQNdN+wF8zELf3dFNl/kxkUA=="
    },
    "debug": {
      "version": "4.2.0",
      "resolved": "https://registry.npmjs.org/debug/-/debug-4.2.0.tgz",
      "integrity": "sha512-IX2ncY78vDTjZMFUdmsvIRFY2Cf4FnD0wRs+nQwJU8Lu99/tPFdb0VybiiMTPe3I6rQmwsqQqRBvxU+bZ/I8sg==",
      "requires": {
        "ms": "2.1.2"
      }
    },
    "dotenv": {
      "version": "8.2.0",
      "resolved": "https://registry.npmjs.org/dotenv/-/dotenv-8.2.0.tgz",
      "integrity": "sha512-8sJ78ElpbDJBHNeBzUbUVLsqKdccaa/BXF1uPTw3GrvQTBgrQrtObr2mUrE38vzYd8cEv+m/JBfDLioYcfXoaw=="
    },
    "events": {
      "version": "1.1.1",
      "resolved": "https://registry.npmjs.org/events/-/events-1.1.1.tgz",
      "integrity": "sha1-nr23Y1rQmccNzEwqH1AEKI6L2SQ=",
      "dev": true
    },
    "https-proxy-agent": {
      "version": "5.0.0",
      "resolved": "https://registry.npmjs.org/https-proxy-agent/-/https-proxy-agent-5.0.0.tgz",
      "integrity": "sha512-EkYm5BcKUGiduxzSt3Eppko+PiNWNEpa4ySk9vTC6wDsQJW9rHSa+UhGNJoRYp7bz6Ht1eaRIa6QaJqO5rCFbA==",
      "requires": {
        "agent-base": "6",
        "debug": "4"
      }
    },
    "ieee754": {
      "version": "1.1.13",
      "resolved": "https://registry.npmjs.org/ieee754/-/ieee754-1.1.13.tgz",
      "integrity": "sha512-4vf7I2LYV/HaWerSo3XmlMkp5eZ83i+/CDluXi/IGTs/O1sejBNhTtnxzmRZfvOUqj7lZjqHkeTvpgSFDlWZTg==",
      "dev": true
    },
    "isarray": {
      "version": "1.0.0",
      "resolved": "https://registry.npmjs.org/isarray/-/isarray-1.0.0.tgz",
      "integrity": "sha1-u5NdSFgsuhaMBoNJV6VKPgcSTxE=",
      "dev": true
    },
    "jmespath": {
      "version": "0.16.0",
      "resolved": "https://registry.npmjs.org/jmespath/-/jmespath-0.16.0.tgz",
      "integrity": "sha512-9FzQjJ7MATs1tSpnco1K6ayiYE3figslrXA72G2HQ/n76RzvYlofyi5QM+iX4YRs/pu3yzxlVQSST23+dMDknw==",
      "dev": true
    },
    "lodash": {
      "version": "4.17.21",
      "resolved": "https://registry.npmjs.org/lodash/-/lodash-4.17.21.tgz",
      "integrity": "sha512-v2kDEe57lecTulaDIuNTPy3Ry4gLGJ6Z1O3vE1krgXZNrsQ+LFTGHVxVjcXPs17LhbZVGedAJv8XZ1tvj5FvSg=="
    },
    "lodash.clonedeep": {
      "version": "4.5.0",
      "resolved": "https://registry.npmjs.org/lodash.clonedeep/-/lodash.clonedeep-4.5.0.tgz",
      "integrity": "sha1-4j8/nE+Pvd6HJSnBBxhXoIblzO8="
    },
    "lru_map": {
      "version": "0.3.3",
      "resolved": "https://registry.npmjs.org/lru_map/-/lru_map-0.3.3.tgz",
      "integrity": "sha1-tcg1G5Rky9dQM1p5ZQoOwOVhGN0="
    },
    "ms": {
      "version": "2.1.2",
      "resolved": "https://registry.npmjs.org/ms/-/ms-2.1.2.tgz",
      "integrity": "sha512-sGkPx+VjMtmA6MX27oA4FBFELFCZZ4S4XqeGOXCv68tT+jb3vk/RyaKWP0PTKyWtmLSM0b+adUTEvbs1PEaH2w=="
    },
    "punycode": {
      "version": "1.3.2",
      "resolved": "https://registry.npmjs.org/punycode/-/punycode-1.3.2.tgz",
      "integrity": "sha1-llOgNvt8HuQjQvIyXM7v6jkmxI0=",
      "dev": true
    },
    "querystring": {
      "version": "0.2.0",
      "resolved": "https://registry.npmjs.org/querystring/-/querystring-0.2.0.tgz",
      "integrity": "sha1-sgmEkgO7Jd+CDadW50cAWHhSFiA=",
      "dev": true
    },
    "sax": {
      "version": "1.2.1",
      "resolved": "https://registry.npmjs.org/sax/-/sax-1.2.1.tgz",
      "integrity": "sha1-e45lYZCyKOgaZq6nSEgNgozS03o=",
      "dev": true
    },
    "tslib": {
      "version": "1.14.1",
      "resolved": "https://registry.npmjs.org/tslib/-/tslib-1.14.1.tgz",
      "integrity": "sha512-Xni35NKzjgMrwevysHTCArtLDpPvye8zV/0E4EyYn43P7/7qvQwPh9BGkHewbMulVntbigmcT7rdX3BNo9wRJg=="
    },
    "typescript": {
      "version": "3.9.7",
      "resolved": "https://registry.npmjs.org/typescript/-/typescript-3.9.7.tgz",
      "integrity": "sha512-BLbiRkiBzAwsjut4x/dsibSTB6yWpwT5qWmC2OfuCg3GgVQCSgMs4vEctYPhsaGtd0AeuuHMkjZ2h2WG8MSzRw==",
      "dev": true
    },
    "url": {
      "version": "0.10.3",
      "resolved": "https://registry.npmjs.org/url/-/url-0.10.3.tgz",
      "integrity": "sha1-Ah5NnHcF8hu/N9A861h2dAJ3TGQ=",
      "dev": true,
      "requires": {
        "punycode": "1.3.2",
        "querystring": "0.2.0"
      }
    },
    "uuid": {
      "version": "3.3.2",
      "resolved": "https://registry.npmjs.org/uuid/-/uuid-3.3.2.tgz",
      "integrity": "sha512-yXJmeNaw3DnnKAOKJE51sL/ZaYfWJRl1pK9dr19YFCu0ObS231AB1/LbqTKRAQ5kw8A90rA6fr4riOUpTZvQZA==",
      "dev": true
    },
    "xml2js": {
      "version": "0.4.19",
      "resolved": "https://registry.npmjs.org/xml2js/-/xml2js-0.4.19.tgz",
      "integrity": "sha512-esZnJZJOiJR9wWKMyuvSE1y6Dq5LCuJanqhxslH2bxM6duahNZ+HMpCLhBQGZkbX6xRf8x1Y2eJlgt2q3qo49Q==",
      "dev": true,
      "requires": {
        "sax": ">=0.6.0",
        "xmlbuilder": "~9.0.1"
      }
    },
    "xmlbuilder": {
      "version": "9.0.7",
      "resolved": "https://registry.npmjs.org/xmlbuilder/-/xmlbuilder-9.0.7.tgz",
      "integrity": "sha1-Ey7mPS7FVlxVfiD0wi35rKaGsQ0=",
      "dev": true
    },
    "yargs-parser": {
      "version": "20.2.9",
      "resolved": "https://registry.npmjs.org/yargs-parser/-/yargs-parser-20.2.9.tgz",
      "integrity": "sha512-y11nGElTIV+CT3Zv9t7VKl+Q3hTQoT9a1Qzezhhl6Rp21gJ/IVTW7Z3y9EWXhuUBC2Shnf+DX0antecpAwSP8w=="
    }
  }
}
